// !$*UTF8*$!
{
	archiveVersion = 1;
	classes = {
	};
	objectVersion = 46;
	objects = {

/* Begin PBXBuildFile section */
		910CE3DEFC0E0136F320E5DB /* libPods.a in Frameworks */ = {isa = PBXBuildFile; fileRef = 5977DB92A45656A693A56867 /* libPods.a */; };
		FD0F49AE1CB6799F00C2155E /* HomeViewController.swift in Sources */ = {isa = PBXBuildFile; fileRef = FD0F49AD1CB6799F00C2155E /* HomeViewController.swift */; };
		FD15A1EC1BAAB1D70048B4D2 /* AppDelegate.m in Sources */ = {isa = PBXBuildFile; fileRef = FD15A1EB1BAAB1D70048B4D2 /* AppDelegate.m */; };
		FD15A2061BAAB1D70048B4D2 /* TimeFliesTests.m in Sources */ = {isa = PBXBuildFile; fileRef = FD15A2051BAAB1D70048B4D2 /* TimeFliesTests.m */; };
		FD1DEFC11CB73BE9008AB24C /* TimeSelectController.swift in Sources */ = {isa = PBXBuildFile; fileRef = FD1DEFC01CB73BE9008AB24C /* TimeSelectController.swift */; };
		FD1DEFC31CB748F7008AB24C /* EssayTableViewCell.swift in Sources */ = {isa = PBXBuildFile; fileRef = FD1DEFC21CB748F7008AB24C /* EssayTableViewCell.swift */; };
		FD1DEFC51CB75158008AB24C /* EssayViewController.swift in Sources */ = {isa = PBXBuildFile; fileRef = FD1DEFC41CB75158008AB24C /* EssayViewController.swift */; };
		FD1DEFC71CB7864A008AB24C /* TodoDetailController.swift in Sources */ = {isa = PBXBuildFile; fileRef = FD1DEFC61CB7864A008AB24C /* TodoDetailController.swift */; };
		FD1DEFC91CB794D5008AB24C /* TodoViewController.swift in Sources */ = {isa = PBXBuildFile; fileRef = FD1DEFC81CB794D5008AB24C /* TodoViewController.swift */; };
		FD1DEFCB1CB7951B008AB24C /* TodoCollectionViewCell.swift in Sources */ = {isa = PBXBuildFile; fileRef = FD1DEFCA1CB7951B008AB24C /* TodoCollectionViewCell.swift */; };
		FD1DEFCD1CB7A250008AB24C /* DoneTableViewCell.swift in Sources */ = {isa = PBXBuildFile; fileRef = FD1DEFCC1CB7A250008AB24C /* DoneTableViewCell.swift */; };
		FD1DEFCF1CB7A387008AB24C /* DoneDetailController.swift in Sources */ = {isa = PBXBuildFile; fileRef = FD1DEFCE1CB7A387008AB24C /* DoneDetailController.swift */; };
		FD1DEFD11CB7A441008AB24C /* DoneTableViewController.swift in Sources */ = {isa = PBXBuildFile; fileRef = FD1DEFD01CB7A441008AB24C /* DoneTableViewController.swift */; };
		FD1DF0451CBF3CB2008AB24C /* sqlService.m in Sources */ = {isa = PBXBuildFile; fileRef = FD1DF0441CBF3CB2008AB24C /* sqlService.m */; };
		FD2928821C86886E001A41F3 /* UIViewController+TimeFliesNavigationItem.m in Sources */ = {isa = PBXBuildFile; fileRef = FD2928811C86886E001A41F3 /* UIViewController+TimeFliesNavigationItem.m */; };
		FD2928851C8688C4001A41F3 /* LYColor.m in Sources */ = {isa = PBXBuildFile; fileRef = FD2928841C8688C4001A41F3 /* LYColor.m */; };
		FD2928871C86BE40001A41F3 /* done.storyboard in Resources */ = {isa = PBXBuildFile; fileRef = FD2928861C86BE40001A41F3 /* done.storyboard */; };
		FD4077201BE46ADC00423A93 /* RWKnobControl.m in Sources */ = {isa = PBXBuildFile; fileRef = FD40771B1BE46ADC00423A93 /* RWKnobControl.m */; };
		FD4077211BE46ADC00423A93 /* RWKnobRenderer.m in Sources */ = {isa = PBXBuildFile; fileRef = FD40771D1BE46ADC00423A93 /* RWKnobRenderer.m */; };
		FD4077221BE46ADC00423A93 /* RWRotationGestureRecognizer.m in Sources */ = {isa = PBXBuildFile; fileRef = FD40771F1BE46ADC00423A93 /* RWRotationGestureRecognizer.m */; };
		FD4077681BE89D7000423A93 /* TabbarTransitionRightAnimation.m in Sources */ = {isa = PBXBuildFile; fileRef = FD4077671BE89D7000423A93 /* TabbarTransitionRightAnimation.m */; };
		FD40776B1BE89E0100423A93 /* TabbarControllerDelegate.m in Sources */ = {isa = PBXBuildFile; fileRef = FD40776A1BE89E0100423A93 /* TabbarControllerDelegate.m */; };
		FD47D4681BDDE1C5000482A7 /* TodoCollectionViewCell.m in Sources */ = {isa = PBXBuildFile; fileRef = FD47D4671BDDE1C5000482A7 /* TodoCollectionViewCell.m */; };
		FD47D46B1BDE0076000482A7 /* TimeSelectController.m in Sources */ = {isa = PBXBuildFile; fileRef = FD47D46A1BDE0076000482A7 /* TimeSelectController.m */; };
		FD47D46E1BDE0AEB000482A7 /* DoneTableViewController.m in Sources */ = {isa = PBXBuildFile; fileRef = FD47D46D1BDE0AEB000482A7 /* DoneTableViewController.m */; };
		FD47D4711BDE0B72000482A7 /* DoneTableViewCell.m in Sources */ = {isa = PBXBuildFile; fileRef = FD47D4701BDE0B72000482A7 /* DoneTableViewCell.m */; };
		FD4BB4B01BDE27AD00F4AA30 /* HomeModel.m in Sources */ = {isa = PBXBuildFile; fileRef = FD4BB4AF1BDE27AD00F4AA30 /* HomeModel.m */; };
		FD4BB4B31BDF20B500F4AA30 /* DoneDetailController.m in Sources */ = {isa = PBXBuildFile; fileRef = FD4BB4B21BDF20B500F4AA30 /* DoneDetailController.m */; };
		FD4BB4BE1BE0787900F4AA30 /* icon@2x.png in Resources */ = {isa = PBXBuildFile; fileRef = FD4BB4B81BE0787900F4AA30 /* icon@2x.png */; };
		FD4BB4BF1BE0787900F4AA30 /* icon@3x.png in Resources */ = {isa = PBXBuildFile; fileRef = FD4BB4B91BE0787900F4AA30 /* icon@3x.png */; };
		FD4BB4C01BE0787900F4AA30 /* icon_settings@2x.png in Resources */ = {isa = PBXBuildFile; fileRef = FD4BB4BA1BE0787900F4AA30 /* icon_settings@2x.png */; };
		FD4BB4C11BE0787900F4AA30 /* icon_settings@3x.png in Resources */ = {isa = PBXBuildFile; fileRef = FD4BB4BB1BE0787900F4AA30 /* icon_settings@3x.png */; };
		FD4BB4C21BE0787900F4AA30 /* icon_spotlight@2x.png in Resources */ = {isa = PBXBuildFile; fileRef = FD4BB4BC1BE0787900F4AA30 /* icon_spotlight@2x.png */; };
		FD4BB4C31BE0787900F4AA30 /* icon_spotlight@3x.png in Resources */ = {isa = PBXBuildFile; fileRef = FD4BB4BD1BE0787900F4AA30 /* icon_spotlight@3x.png */; };
		FD4BB4C61BE0C51700F4AA30 /* phone.png in Resources */ = {isa = PBXBuildFile; fileRef = FD4BB4C41BE0C51700F4AA30 /* phone.png */; };
		FD4BB4C71BE0C51700F4AA30 /* write.png in Resources */ = {isa = PBXBuildFile; fileRef = FD4BB4C51BE0C51700F4AA30 /* write.png */; };
		FD4BB4D11BE0FB6A00F4AA30 /* Localizable.strings in Resources */ = {isa = PBXBuildFile; fileRef = FD4BB4D31BE0FB6A00F4AA30 /* Localizable.strings */; };
		FD4BB4DE1BE10FCA00F4AA30 /* InfoPlist.strings in Resources */ = {isa = PBXBuildFile; fileRef = FD4BB4E01BE10FCA00F4AA30 /* InfoPlist.strings */; };
		FD4BB4E61BE1141F00F4AA30 /* LaunchScreen.xib in Resources */ = {isa = PBXBuildFile; fileRef = FD4BB4E41BE1141F00F4AA30 /* LaunchScreen.xib */; };
		FD4BB4ED1BE118D700F4AA30 /* LaunchViewController.m in Sources */ = {isa = PBXBuildFile; fileRef = FD4BB4EC1BE118D700F4AA30 /* LaunchViewController.m */; };
		FD54DDC61C22F1AC009A8AD5 /* tab_around_normal@2x.png in Resources */ = {isa = PBXBuildFile; fileRef = FD54DDC21C22F1AC009A8AD5 /* tab_around_normal@2x.png */; };
		FD54DDC71C22F1AC009A8AD5 /* tab_chat_normal@2x.png in Resources */ = {isa = PBXBuildFile; fileRef = FD54DDC31C22F1AC009A8AD5 /* tab_chat_normal@2x.png */; };
		FD54DDC81C22F1AC009A8AD5 /* tab_finance_normal@2x.png in Resources */ = {isa = PBXBuildFile; fileRef = FD54DDC41C22F1AC009A8AD5 /* tab_finance_normal@2x.png */; };
		FD54DDC91C22F1AC009A8AD5 /* tab_mycenter_normal@2x.png in Resources */ = {isa = PBXBuildFile; fileRef = FD54DDC51C22F1AC009A8AD5 /* tab_mycenter_normal@2x.png */; };
		FD54DDCB1C22F600009A8AD5 /* TimeFlies.entitlements in Resources */ = {isa = PBXBuildFile; fileRef = FD54DDCA1C22F600009A8AD5 /* TimeFlies.entitlements */; };
		FD675FA01C015C3000199AB8 /* libPods-ReactiveCocoa.a in Frameworks */ = {isa = PBXBuildFile; fileRef = FD675F9F1C015C3000199AB8 /* libPods-ReactiveCocoa.a */; };
		FD6C044F1BE8A46C009F056F /* TabbarTransitionLeftAnimation.m in Sources */ = {isa = PBXBuildFile; fileRef = FD6C044E1BE8A46C009F056F /* TabbarTransitionLeftAnimation.m */; };
		FD7D9B881BE9FDED0012B41D /* ModalTransitionAnimation.m in Sources */ = {isa = PBXBuildFile; fileRef = FD7D9B871BE9FDED0012B41D /* ModalTransitionAnimation.m */; };
		FD7D9B8B1BEA023D0012B41D /* UIViewControllerDelegate.m in Sources */ = {isa = PBXBuildFile; fileRef = FD7D9B8A1BEA023D0012B41D /* UIViewControllerDelegate.m */; };
		FD7D9B8E1BEA050A0012B41D /* ModalMoveTransitionAnimation.m in Sources */ = {isa = PBXBuildFile; fileRef = FD7D9B8D1BEA050A0012B41D /* ModalMoveTransitionAnimation.m */; };
		FD7D9B911BEA054D0012B41D /* ModalInterActiveTransitionAnimation.m in Sources */ = {isa = PBXBuildFile; fileRef = FD7D9B901BEA054D0012B41D /* ModalInterActiveTransitionAnimation.m */; };
		FDA7FBCD1BE99EB20005C4DC /* NavigationControllerDelegate.m in Sources */ = {isa = PBXBuildFile; fileRef = FDA7FBCC1BE99EB20005C4DC /* NavigationControllerDelegate.m */; };
		FDA7FBD01BE99F400005C4DC /* NavigationTransitionAnimation.m in Sources */ = {isa = PBXBuildFile; fileRef = FDA7FBCF1BE99F400005C4DC /* NavigationTransitionAnimation.m */; };
		FDDFE1191BDCE53200865CDE /* libz.tbd in Frameworks */ = {isa = PBXBuildFile; fileRef = FDDFE1181BDCE53200865CDE /* libz.tbd */; };
		FDDFE11B1BDCE54A00865CDE /* libsqlite3.0.tbd in Frameworks */ = {isa = PBXBuildFile; fileRef = FDDFE11A1BDCE54A00865CDE /* libsqlite3.0.tbd */; };
		FDDFE11D1BDCE57D00865CDE /* UIKit.framework in Frameworks */ = {isa = PBXBuildFile; fileRef = FDDFE11C1BDCE57D00865CDE /* UIKit.framework */; };
		FDDFE11F1BDCE58B00865CDE /* SystemConfiguration.framework in Frameworks */ = {isa = PBXBuildFile; fileRef = FDDFE11E1BDCE58B00865CDE /* SystemConfiguration.framework */; };
		FDDFE1611BDDD8BF00865CDE /* ApiXml.mm in Sources */ = {isa = PBXBuildFile; fileRef = FDDFE12D1BDDD8BF00865CDE /* ApiXml.mm */; };
		FDDFE1621BDDD8BF00865CDE /* payRequsestHandler.mm in Sources */ = {isa = PBXBuildFile; fileRef = FDDFE12F1BDDD8BF00865CDE /* payRequsestHandler.mm */; };
		FDDFE1631BDDD8BF00865CDE /* WXUtil.mm in Sources */ = {isa = PBXBuildFile; fileRef = FDDFE1311BDDD8BF00865CDE /* WXUtil.mm */; };
		FDDFE1641BDDD8BF00865CDE /* WeixinShare.m in Sources */ = {isa = PBXBuildFile; fileRef = FDDFE1341BDDD8BF00865CDE /* WeixinShare.m */; };
		FDDFE1651BDDD8BF00865CDE /* libWeChatSDK.a in Frameworks */ = {isa = PBXBuildFile; fileRef = FDDFE1361BDDD8BF00865CDE /* libWeChatSDK.a */; };
		FDDFE16C1BDDD8BF00865CDE /* Main.storyboard in Resources */ = {isa = PBXBuildFile; fileRef = FDDFE1471BDDD8BF00865CDE /* Main.storyboard */; };
		FDDFE16D1BDDD8BF00865CDE /* Images.xcassets in Resources */ = {isa = PBXBuildFile; fileRef = FDDFE1491BDDD8BF00865CDE /* Images.xcassets */; };
		FDDFE16F1BDDD8BF00865CDE /* main.m in Sources */ = {isa = PBXBuildFile; fileRef = FDDFE14B1BDDD8BF00865CDE /* main.m */; };
		FDDFE1701BDDD8BF00865CDE /* EssayDetailController.m in Sources */ = {isa = PBXBuildFile; fileRef = FDDFE1501BDDD8BF00865CDE /* EssayDetailController.m */; };
		FDDFE1711BDDD8BF00865CDE /* EssayTableViewCell.m in Sources */ = {isa = PBXBuildFile; fileRef = FDDFE1521BDDD8BF00865CDE /* EssayTableViewCell.m */; };
		FDDFE1721BDDD8BF00865CDE /* EssayViewController.m in Sources */ = {isa = PBXBuildFile; fileRef = FDDFE1541BDDD8BF00865CDE /* EssayViewController.m */; };
		FDDFE1731BDDD8BF00865CDE /* HomeViewController.m in Sources */ = {isa = PBXBuildFile; fileRef = FDDFE1561BDDD8BF00865CDE /* HomeViewController.m */; };
		FDDFE1741BDDD8BF00865CDE /* SecondViewController.m in Sources */ = {isa = PBXBuildFile; fileRef = FDDFE1591BDDD8BF00865CDE /* SecondViewController.m */; };
		FDDFE1751BDDD8BF00865CDE /* TestTabBarController.m in Sources */ = {isa = PBXBuildFile; fileRef = FDDFE15B1BDDD8BF00865CDE /* TestTabBarController.m */; };
		FDDFE1761BDDD8BF00865CDE /* TodoDetailController.m in Sources */ = {isa = PBXBuildFile; fileRef = FDDFE15E1BDDD8BF00865CDE /* TodoDetailController.m */; };
		FDDFE1771BDDD8BF00865CDE /* TodoViewController.m in Sources */ = {isa = PBXBuildFile; fileRef = FDDFE1601BDDD8BF00865CDE /* TodoViewController.m */; };
		FDDFE1831BDDDA7200865CDE /* BaseModel.m in Sources */ = {isa = PBXBuildFile; fileRef = FDDFE17A1BDDDA7200865CDE /* BaseModel.m */; };
		FDDFE1841BDDDA7200865CDE /* DataClass.m in Sources */ = {isa = PBXBuildFile; fileRef = FDDFE17C1BDDDA7200865CDE /* DataClass.m */; };
		FDDFE1851BDDDA7200865CDE /* DoneModel.m in Sources */ = {isa = PBXBuildFile; fileRef = FDDFE17E1BDDDA7200865CDE /* DoneModel.m */; };
		FDDFE1861BDDDA7200865CDE /* EssayModel.m in Sources */ = {isa = PBXBuildFile; fileRef = FDDFE1801BDDDA7200865CDE /* EssayModel.m */; };
		FDDFE1871BDDDA7200865CDE /* TodoModel.m in Sources */ = {isa = PBXBuildFile; fileRef = FDDFE1821BDDDA7200865CDE /* TodoModel.m */; };
		FDE5098B1BEBAB2300011276 /* 76.png in Resources */ = {isa = PBXBuildFile; fileRef = FDE509891BEBAB2200011276 /* 76.png */; };
		FDE5098C1BEBAB2300011276 /* 152.png in Resources */ = {isa = PBXBuildFile; fileRef = FDE5098A1BEBAB2300011276 /* 152.png */; };
/* End PBXBuildFile section */

/* Begin PBXContainerItemProxy section */
		FD15A2001BAAB1D70048B4D2 /* PBXContainerItemProxy */ = {
			isa = PBXContainerItemProxy;
			containerPortal = FD15A1DB1BAAB1D70048B4D2 /* Project object */;
			proxyType = 1;
			remoteGlobalIDString = FD15A1E21BAAB1D70048B4D2;
			remoteInfo = testTabbarController;
		};
/* End PBXContainerItemProxy section */

/* Begin PBXFileReference section */
		2A7EF087E37BFC5C871140F4 /* Pods.release.xcconfig */ = {isa = PBXFileReference; includeInIndex = 1; lastKnownFileType = text.xcconfig; name = Pods.release.xcconfig; path = "Pods/Target Support Files/Pods/Pods.release.xcconfig"; sourceTree = "<group>"; };
		5977DB92A45656A693A56867 /* libPods.a */ = {isa = PBXFileReference; explicitFileType = archive.ar; includeInIndex = 0; path = libPods.a; sourceTree = BUILT_PRODUCTS_DIR; };
		70F8191E3721DCFC2F9F102E /* Pods.debug.xcconfig */ = {isa = PBXFileReference; includeInIndex = 1; lastKnownFileType = text.xcconfig; name = Pods.debug.xcconfig; path = "Pods/Target Support Files/Pods/Pods.debug.xcconfig"; sourceTree = "<group>"; };
		FD0F49AA1CB6796700C2155E /* TimeFlies-Bridging-Header.h */ = {isa = PBXFileReference; lastKnownFileType = sourcecode.c.h; path = "TimeFlies-Bridging-Header.h"; sourceTree = "<group>"; };
		FD0F49AD1CB6799F00C2155E /* HomeViewController.swift */ = {isa = PBXFileReference; fileEncoding = 4; lastKnownFileType = sourcecode.swift; path = HomeViewController.swift; sourceTree = "<group>"; };
		FD15A1E31BAAB1D70048B4D2 /* TimeFlies.app */ = {isa = PBXFileReference; explicitFileType = wrapper.application; includeInIndex = 0; path = TimeFlies.app; sourceTree = BUILT_PRODUCTS_DIR; };
		FD15A1EA1BAAB1D70048B4D2 /* AppDelegate.h */ = {isa = PBXFileReference; lastKnownFileType = sourcecode.c.h; path = AppDelegate.h; sourceTree = "<group>"; };
		FD15A1EB1BAAB1D70048B4D2 /* AppDelegate.m */ = {isa = PBXFileReference; lastKnownFileType = sourcecode.c.objc; path = AppDelegate.m; sourceTree = "<group>"; };
		FD15A1FF1BAAB1D70048B4D2 /* TimeFlies.xctest */ = {isa = PBXFileReference; explicitFileType = wrapper.cfbundle; includeInIndex = 0; path = TimeFlies.xctest; sourceTree = BUILT_PRODUCTS_DIR; };
		FD15A2041BAAB1D70048B4D2 /* Info.plist */ = {isa = PBXFileReference; lastKnownFileType = text.plist.xml; path = Info.plist; sourceTree = "<group>"; };
		FD15A2051BAAB1D70048B4D2 /* TimeFliesTests.m */ = {isa = PBXFileReference; lastKnownFileType = sourcecode.c.objc; path = TimeFliesTests.m; sourceTree = "<group>"; };
		FD1DEFC01CB73BE9008AB24C /* TimeSelectController.swift */ = {isa = PBXFileReference; fileEncoding = 4; lastKnownFileType = sourcecode.swift; path = TimeSelectController.swift; sourceTree = "<group>"; };
		FD1DEFC21CB748F7008AB24C /* EssayTableViewCell.swift */ = {isa = PBXFileReference; fileEncoding = 4; lastKnownFileType = sourcecode.swift; path = EssayTableViewCell.swift; sourceTree = "<group>"; };
		FD1DEFC41CB75158008AB24C /* EssayViewController.swift */ = {isa = PBXFileReference; fileEncoding = 4; lastKnownFileType = sourcecode.swift; path = EssayViewController.swift; sourceTree = "<group>"; };
		FD1DEFC61CB7864A008AB24C /* TodoDetailController.swift */ = {isa = PBXFileReference; fileEncoding = 4; lastKnownFileType = sourcecode.swift; path = TodoDetailController.swift; sourceTree = "<group>"; };
		FD1DEFC81CB794D5008AB24C /* TodoViewController.swift */ = {isa = PBXFileReference; fileEncoding = 4; lastKnownFileType = sourcecode.swift; path = TodoViewController.swift; sourceTree = "<group>"; };
		FD1DEFCA1CB7951B008AB24C /* TodoCollectionViewCell.swift */ = {isa = PBXFileReference; fileEncoding = 4; lastKnownFileType = sourcecode.swift; path = TodoCollectionViewCell.swift; sourceTree = "<group>"; };
		FD1DEFCC1CB7A250008AB24C /* DoneTableViewCell.swift */ = {isa = PBXFileReference; fileEncoding = 4; lastKnownFileType = sourcecode.swift; path = DoneTableViewCell.swift; sourceTree = "<group>"; };
		FD1DEFCE1CB7A387008AB24C /* DoneDetailController.swift */ = {isa = PBXFileReference; fileEncoding = 4; lastKnownFileType = sourcecode.swift; path = DoneDetailController.swift; sourceTree = "<group>"; };
		FD1DEFD01CB7A441008AB24C /* DoneTableViewController.swift */ = {isa = PBXFileReference; fileEncoding = 4; lastKnownFileType = sourcecode.swift; path = DoneTableViewController.swift; sourceTree = "<group>"; };
		FD1DF0431CBF3CB2008AB24C /* sqlService.h */ = {isa = PBXFileReference; fileEncoding = 4; lastKnownFileType = sourcecode.c.h; name = sqlService.h; path = sql/sqlService.h; sourceTree = "<group>"; };
		FD1DF0441CBF3CB2008AB24C /* sqlService.m */ = {isa = PBXFileReference; fileEncoding = 4; lastKnownFileType = sourcecode.c.objc; name = sqlService.m; path = sql/sqlService.m; sourceTree = "<group>"; };
		FD2928801C86886E001A41F3 /* UIViewController+TimeFliesNavigationItem.h */ = {isa = PBXFileReference; fileEncoding = 4; lastKnownFileType = sourcecode.c.h; path = "UIViewController+TimeFliesNavigationItem.h"; sourceTree = "<group>"; };
		FD2928811C86886E001A41F3 /* UIViewController+TimeFliesNavigationItem.m */ = {isa = PBXFileReference; fileEncoding = 4; lastKnownFileType = sourcecode.c.objc; path = "UIViewController+TimeFliesNavigationItem.m"; sourceTree = "<group>"; };
		FD2928831C8688C4001A41F3 /* LYColor.h */ = {isa = PBXFileReference; fileEncoding = 4; lastKnownFileType = sourcecode.c.h; path = LYColor.h; sourceTree = "<group>"; };
		FD2928841C8688C4001A41F3 /* LYColor.m */ = {isa = PBXFileReference; fileEncoding = 4; lastKnownFileType = sourcecode.c.objc; path = LYColor.m; sourceTree = "<group>"; };
		FD2928861C86BE40001A41F3 /* done.storyboard */ = {isa = PBXFileReference; fileEncoding = 4; lastKnownFileType = file.storyboard; name = done.storyboard; path = done/done.storyboard; sourceTree = "<group>"; };
		FD4077141BE3517800423A93 /* zh-Hans */ = {isa = PBXFileReference; lastKnownFileType = text.plist.strings; name = "zh-Hans"; path = "zh-Hans.lproj/LaunchScreen.strings"; sourceTree = "<group>"; };
		FD4077161BE3517800423A93 /* zh-Hans */ = {isa = PBXFileReference; lastKnownFileType = text.plist.strings; name = "zh-Hans"; path = "zh-Hans.lproj/Localizable.strings"; sourceTree = "<group>"; };
		FD4077171BE3517800423A93 /* zh-Hans */ = {isa = PBXFileReference; lastKnownFileType = text.plist.strings; name = "zh-Hans"; path = "zh-Hans.lproj/InfoPlist.strings"; sourceTree = "<group>"; };
		FD40771A1BE46ADC00423A93 /* RWKnobControl.h */ = {isa = PBXFileReference; fileEncoding = 4; lastKnownFileType = sourcecode.c.h; path = RWKnobControl.h; sourceTree = "<group>"; };
		FD40771B1BE46ADC00423A93 /* RWKnobControl.m */ = {isa = PBXFileReference; fileEncoding = 4; lastKnownFileType = sourcecode.c.objc; path = RWKnobControl.m; sourceTree = "<group>"; };
		FD40771C1BE46ADC00423A93 /* RWKnobRenderer.h */ = {isa = PBXFileReference; fileEncoding = 4; lastKnownFileType = sourcecode.c.h; path = RWKnobRenderer.h; sourceTree = "<group>"; };
		FD40771D1BE46ADC00423A93 /* RWKnobRenderer.m */ = {isa = PBXFileReference; fileEncoding = 4; lastKnownFileType = sourcecode.c.objc; path = RWKnobRenderer.m; sourceTree = "<group>"; };
		FD40771E1BE46ADC00423A93 /* RWRotationGestureRecognizer.h */ = {isa = PBXFileReference; fileEncoding = 4; lastKnownFileType = sourcecode.c.h; path = RWRotationGestureRecognizer.h; sourceTree = "<group>"; };
		FD40771F1BE46ADC00423A93 /* RWRotationGestureRecognizer.m */ = {isa = PBXFileReference; fileEncoding = 4; lastKnownFileType = sourcecode.c.objc; path = RWRotationGestureRecognizer.m; sourceTree = "<group>"; };
		FD4077661BE89D7000423A93 /* TabbarTransitionRightAnimation.h */ = {isa = PBXFileReference; fileEncoding = 4; lastKnownFileType = sourcecode.c.h; path = TabbarTransitionRightAnimation.h; sourceTree = "<group>"; };
		FD4077671BE89D7000423A93 /* TabbarTransitionRightAnimation.m */ = {isa = PBXFileReference; fileEncoding = 4; lastKnownFileType = sourcecode.c.objc; path = TabbarTransitionRightAnimation.m; sourceTree = "<group>"; };
		FD4077691BE89E0100423A93 /* TabbarControllerDelegate.h */ = {isa = PBXFileReference; fileEncoding = 4; lastKnownFileType = sourcecode.c.h; path = TabbarControllerDelegate.h; sourceTree = "<group>"; };
		FD40776A1BE89E0100423A93 /* TabbarControllerDelegate.m */ = {isa = PBXFileReference; fileEncoding = 4; lastKnownFileType = sourcecode.c.objc; path = TabbarControllerDelegate.m; sourceTree = "<group>"; };
		FD47D4661BDDE1C5000482A7 /* TodoCollectionViewCell.h */ = {isa = PBXFileReference; fileEncoding = 4; lastKnownFileType = sourcecode.c.h; path = TodoCollectionViewCell.h; sourceTree = "<group>"; };
		FD47D4671BDDE1C5000482A7 /* TodoCollectionViewCell.m */ = {isa = PBXFileReference; fileEncoding = 4; lastKnownFileType = sourcecode.c.objc; path = TodoCollectionViewCell.m; sourceTree = "<group>"; };
		FD47D4691BDE0076000482A7 /* TimeSelectController.h */ = {isa = PBXFileReference; fileEncoding = 4; lastKnownFileType = sourcecode.c.h; path = TimeSelectController.h; sourceTree = "<group>"; };
		FD47D46A1BDE0076000482A7 /* TimeSelectController.m */ = {isa = PBXFileReference; fileEncoding = 4; lastKnownFileType = sourcecode.c.objc; path = TimeSelectController.m; sourceTree = "<group>"; };
		FD47D46C1BDE0AEB000482A7 /* DoneTableViewController.h */ = {isa = PBXFileReference; fileEncoding = 4; lastKnownFileType = sourcecode.c.h; path = DoneTableViewController.h; sourceTree = "<group>"; };
		FD47D46D1BDE0AEB000482A7 /* DoneTableViewController.m */ = {isa = PBXFileReference; fileEncoding = 4; lastKnownFileType = sourcecode.c.objc; path = DoneTableViewController.m; sourceTree = "<group>"; };
		FD47D46F1BDE0B72000482A7 /* DoneTableViewCell.h */ = {isa = PBXFileReference; fileEncoding = 4; lastKnownFileType = sourcecode.c.h; path = DoneTableViewCell.h; sourceTree = "<group>"; };
		FD47D4701BDE0B72000482A7 /* DoneTableViewCell.m */ = {isa = PBXFileReference; fileEncoding = 4; lastKnownFileType = sourcecode.c.objc; path = DoneTableViewCell.m; sourceTree = "<group>"; };
		FD4BB4AE1BDE27AD00F4AA30 /* HomeModel.h */ = {isa = PBXFileReference; fileEncoding = 4; lastKnownFileType = sourcecode.c.h; path = HomeModel.h; sourceTree = "<group>"; };
		FD4BB4AF1BDE27AD00F4AA30 /* HomeModel.m */ = {isa = PBXFileReference; fileEncoding = 4; lastKnownFileType = sourcecode.c.objc; path = HomeModel.m; sourceTree = "<group>"; };
		FD4BB4B11BDF20B500F4AA30 /* DoneDetailController.h */ = {isa = PBXFileReference; fileEncoding = 4; lastKnownFileType = sourcecode.c.h; path = DoneDetailController.h; sourceTree = "<group>"; };
		FD4BB4B21BDF20B500F4AA30 /* DoneDetailController.m */ = {isa = PBXFileReference; fileEncoding = 4; lastKnownFileType = sourcecode.c.objc; path = DoneDetailController.m; sourceTree = "<group>"; };
		FD4BB4B81BE0787900F4AA30 /* icon@2x.png */ = {isa = PBXFileReference; lastKnownFileType = image.png; path = "icon@2x.png"; sourceTree = "<group>"; };
		FD4BB4B91BE0787900F4AA30 /* icon@3x.png */ = {isa = PBXFileReference; lastKnownFileType = image.png; path = "icon@3x.png"; sourceTree = "<group>"; };
		FD4BB4BA1BE0787900F4AA30 /* icon_settings@2x.png */ = {isa = PBXFileReference; lastKnownFileType = image.png; path = "icon_settings@2x.png"; sourceTree = "<group>"; };
		FD4BB4BB1BE0787900F4AA30 /* icon_settings@3x.png */ = {isa = PBXFileReference; lastKnownFileType = image.png; path = "icon_settings@3x.png"; sourceTree = "<group>"; };
		FD4BB4BC1BE0787900F4AA30 /* icon_spotlight@2x.png */ = {isa = PBXFileReference; lastKnownFileType = image.png; path = "icon_spotlight@2x.png"; sourceTree = "<group>"; };
		FD4BB4BD1BE0787900F4AA30 /* icon_spotlight@3x.png */ = {isa = PBXFileReference; lastKnownFileType = image.png; path = "icon_spotlight@3x.png"; sourceTree = "<group>"; };
		FD4BB4C41BE0C51700F4AA30 /* phone.png */ = {isa = PBXFileReference; lastKnownFileType = image.png; path = phone.png; sourceTree = "<group>"; };
		FD4BB4C51BE0C51700F4AA30 /* write.png */ = {isa = PBXFileReference; lastKnownFileType = image.png; path = write.png; sourceTree = "<group>"; };
		FD4BB4D21BE0FB6A00F4AA30 /* en */ = {isa = PBXFileReference; lastKnownFileType = text.plist.strings; name = en; path = en.lproj/Localizable.strings; sourceTree = "<group>"; };
		FD4BB4D41BE0FB7000F4AA30 /* Base */ = {isa = PBXFileReference; lastKnownFileType = text.plist.strings; name = Base; path = Base.lproj/Localizable.strings; sourceTree = "<group>"; };
		FD4BB4D91BE0FD4300F4AA30 /* en */ = {isa = PBXFileReference; lastKnownFileType = text.plist.strings; name = en; path = en.lproj/Main.strings; sourceTree = "<group>"; };
		FD4BB4DF1BE10FCA00F4AA30 /* en */ = {isa = PBXFileReference; lastKnownFileType = text.plist.strings; name = en; path = en.lproj/InfoPlist.strings; sourceTree = "<group>"; };
		FD4BB4E11BE1115400F4AA30 /* Base */ = {isa = PBXFileReference; lastKnownFileType = text.plist.strings; name = Base; path = Base.lproj/InfoPlist.strings; sourceTree = "<group>"; };
		FD4BB4E51BE1141F00F4AA30 /* Base */ = {isa = PBXFileReference; lastKnownFileType = file.xib; name = Base; path = Base.lproj/LaunchScreen.xib; sourceTree = "<group>"; };
		FD4BB4EA1BE114BC00F4AA30 /* en */ = {isa = PBXFileReference; lastKnownFileType = text.plist.strings; name = en; path = en.lproj/LaunchScreen.strings; sourceTree = "<group>"; };
		FD4BB4EB1BE118D700F4AA30 /* LaunchViewController.h */ = {isa = PBXFileReference; fileEncoding = 4; lastKnownFileType = sourcecode.c.h; path = LaunchViewController.h; sourceTree = "<group>"; };
		FD4BB4EC1BE118D700F4AA30 /* LaunchViewController.m */ = {isa = PBXFileReference; fileEncoding = 4; lastKnownFileType = sourcecode.c.objc; path = LaunchViewController.m; sourceTree = "<group>"; };
		FD54DDC21C22F1AC009A8AD5 /* tab_around_normal@2x.png */ = {isa = PBXFileReference; lastKnownFileType = image.png; path = "tab_around_normal@2x.png"; sourceTree = "<group>"; };
		FD54DDC31C22F1AC009A8AD5 /* tab_chat_normal@2x.png */ = {isa = PBXFileReference; lastKnownFileType = image.png; path = "tab_chat_normal@2x.png"; sourceTree = "<group>"; };
		FD54DDC41C22F1AC009A8AD5 /* tab_finance_normal@2x.png */ = {isa = PBXFileReference; lastKnownFileType = image.png; path = "tab_finance_normal@2x.png"; sourceTree = "<group>"; };
		FD54DDC51C22F1AC009A8AD5 /* tab_mycenter_normal@2x.png */ = {isa = PBXFileReference; lastKnownFileType = image.png; path = "tab_mycenter_normal@2x.png"; sourceTree = "<group>"; };
		FD54DDCA1C22F600009A8AD5 /* TimeFlies.entitlements */ = {isa = PBXFileReference; fileEncoding = 4; lastKnownFileType = text.xml; path = TimeFlies.entitlements; sourceTree = "<group>"; };
		FD675F9F1C015C3000199AB8 /* libPods-ReactiveCocoa.a */ = {isa = PBXFileReference; lastKnownFileType = archive.ar; name = "libPods-ReactiveCocoa.a"; path = "Pods/../build/Debug-iphoneos/libPods-ReactiveCocoa.a"; sourceTree = "<group>"; };
		FD6C044D1BE8A46C009F056F /* TabbarTransitionLeftAnimation.h */ = {isa = PBXFileReference; fileEncoding = 4; lastKnownFileType = sourcecode.c.h; path = TabbarTransitionLeftAnimation.h; sourceTree = "<group>"; };
		FD6C044E1BE8A46C009F056F /* TabbarTransitionLeftAnimation.m */ = {isa = PBXFileReference; fileEncoding = 4; lastKnownFileType = sourcecode.c.objc; path = TabbarTransitionLeftAnimation.m; sourceTree = "<group>"; };
		FD7D9B861BE9FDED0012B41D /* ModalTransitionAnimation.h */ = {isa = PBXFileReference; fileEncoding = 4; lastKnownFileType = sourcecode.c.h; path = ModalTransitionAnimation.h; sourceTree = "<group>"; };
		FD7D9B871BE9FDED0012B41D /* ModalTransitionAnimation.m */ = {isa = PBXFileReference; fileEncoding = 4; lastKnownFileType = sourcecode.c.objc; path = ModalTransitionAnimation.m; sourceTree = "<group>"; };
		FD7D9B891BEA023D0012B41D /* UIViewControllerDelegate.h */ = {isa = PBXFileReference; fileEncoding = 4; lastKnownFileType = sourcecode.c.h; path = UIViewControllerDelegate.h; sourceTree = "<group>"; };
		FD7D9B8A1BEA023D0012B41D /* UIViewControllerDelegate.m */ = {isa = PBXFileReference; fileEncoding = 4; lastKnownFileType = sourcecode.c.objc; path = UIViewControllerDelegate.m; sourceTree = "<group>"; };
		FD7D9B8C1BEA050A0012B41D /* ModalMoveTransitionAnimation.h */ = {isa = PBXFileReference; fileEncoding = 4; lastKnownFileType = sourcecode.c.h; path = ModalMoveTransitionAnimation.h; sourceTree = "<group>"; };
		FD7D9B8D1BEA050A0012B41D /* ModalMoveTransitionAnimation.m */ = {isa = PBXFileReference; fileEncoding = 4; lastKnownFileType = sourcecode.c.objc; path = ModalMoveTransitionAnimation.m; sourceTree = "<group>"; };
		FD7D9B8F1BEA054D0012B41D /* ModalInterActiveTransitionAnimation.h */ = {isa = PBXFileReference; fileEncoding = 4; lastKnownFileType = sourcecode.c.h; path = ModalInterActiveTransitionAnimation.h; sourceTree = "<group>"; };
		FD7D9B901BEA054D0012B41D /* ModalInterActiveTransitionAnimation.m */ = {isa = PBXFileReference; fileEncoding = 4; lastKnownFileType = sourcecode.c.objc; path = ModalInterActiveTransitionAnimation.m; sourceTree = "<group>"; };
		FDA7FBCB1BE99EB20005C4DC /* NavigationControllerDelegate.h */ = {isa = PBXFileReference; fileEncoding = 4; lastKnownFileType = sourcecode.c.h; path = NavigationControllerDelegate.h; sourceTree = "<group>"; };
		FDA7FBCC1BE99EB20005C4DC /* NavigationControllerDelegate.m */ = {isa = PBXFileReference; fileEncoding = 4; lastKnownFileType = sourcecode.c.objc; path = NavigationControllerDelegate.m; sourceTree = "<group>"; };
		FDA7FBCE1BE99F400005C4DC /* NavigationTransitionAnimation.h */ = {isa = PBXFileReference; fileEncoding = 4; lastKnownFileType = sourcecode.c.h; path = NavigationTransitionAnimation.h; sourceTree = "<group>"; };
		FDA7FBCF1BE99F400005C4DC /* NavigationTransitionAnimation.m */ = {isa = PBXFileReference; fileEncoding = 4; lastKnownFileType = sourcecode.c.objc; path = NavigationTransitionAnimation.m; sourceTree = "<group>"; };
		FDDFE1181BDCE53200865CDE /* libz.tbd */ = {isa = PBXFileReference; lastKnownFileType = "sourcecode.text-based-dylib-definition"; name = libz.tbd; path = usr/lib/libz.tbd; sourceTree = SDKROOT; };
		FDDFE11A1BDCE54A00865CDE /* libsqlite3.0.tbd */ = {isa = PBXFileReference; lastKnownFileType = "sourcecode.text-based-dylib-definition"; name = libsqlite3.0.tbd; path = usr/lib/libsqlite3.0.tbd; sourceTree = SDKROOT; };
		FDDFE11C1BDCE57D00865CDE /* UIKit.framework */ = {isa = PBXFileReference; lastKnownFileType = wrapper.framework; name = UIKit.framework; path = System/Library/Frameworks/UIKit.framework; sourceTree = SDKROOT; };
		FDDFE11E1BDCE58B00865CDE /* SystemConfiguration.framework */ = {isa = PBXFileReference; lastKnownFileType = wrapper.framework; name = SystemConfiguration.framework; path = System/Library/Frameworks/SystemConfiguration.framework; sourceTree = SDKROOT; };
		FDDFE12C1BDDD8BF00865CDE /* ApiXml.h */ = {isa = PBXFileReference; fileEncoding = 4; lastKnownFileType = sourcecode.c.h; path = ApiXml.h; sourceTree = "<group>"; };
		FDDFE12D1BDDD8BF00865CDE /* ApiXml.mm */ = {isa = PBXFileReference; fileEncoding = 4; lastKnownFileType = sourcecode.cpp.objcpp; path = ApiXml.mm; sourceTree = "<group>"; };
		FDDFE12E1BDDD8BF00865CDE /* payRequsestHandler.h */ = {isa = PBXFileReference; fileEncoding = 4; lastKnownFileType = sourcecode.c.h; path = payRequsestHandler.h; sourceTree = "<group>"; };
		FDDFE12F1BDDD8BF00865CDE /* payRequsestHandler.mm */ = {isa = PBXFileReference; fileEncoding = 4; lastKnownFileType = sourcecode.cpp.objcpp; path = payRequsestHandler.mm; sourceTree = "<group>"; };
		FDDFE1301BDDD8BF00865CDE /* WXUtil.h */ = {isa = PBXFileReference; fileEncoding = 4; lastKnownFileType = sourcecode.c.h; path = WXUtil.h; sourceTree = "<group>"; };
		FDDFE1311BDDD8BF00865CDE /* WXUtil.mm */ = {isa = PBXFileReference; fileEncoding = 4; lastKnownFileType = sourcecode.cpp.objcpp; path = WXUtil.mm; sourceTree = "<group>"; };
		FDDFE1331BDDD8BF00865CDE /* WeixinShare.h */ = {isa = PBXFileReference; fileEncoding = 4; lastKnownFileType = sourcecode.c.h; path = WeixinShare.h; sourceTree = "<group>"; };
		FDDFE1341BDDD8BF00865CDE /* WeixinShare.m */ = {isa = PBXFileReference; fileEncoding = 4; lastKnownFileType = sourcecode.c.objc; path = WeixinShare.m; sourceTree = "<group>"; };
		FDDFE1361BDDD8BF00865CDE /* libWeChatSDK.a */ = {isa = PBXFileReference; lastKnownFileType = archive.ar; path = libWeChatSDK.a; sourceTree = "<group>"; };
		FDDFE1371BDDD8BF00865CDE /* WXApi.h */ = {isa = PBXFileReference; fileEncoding = 4; lastKnownFileType = sourcecode.c.h; path = WXApi.h; sourceTree = "<group>"; };
		FDDFE1381BDDD8BF00865CDE /* WXApiObject.h */ = {isa = PBXFileReference; fileEncoding = 4; lastKnownFileType = sourcecode.c.h; path = WXApiObject.h; sourceTree = "<group>"; };
		FDDFE1481BDDD8BF00865CDE /* Base */ = {isa = PBXFileReference; lastKnownFileType = file.storyboard; name = Base; path = Base.lproj/Main.storyboard; sourceTree = "<group>"; };
		FDDFE1491BDDD8BF00865CDE /* Images.xcassets */ = {isa = PBXFileReference; lastKnownFileType = folder.assetcatalog; path = Images.xcassets; sourceTree = "<group>"; };
		FDDFE14B1BDDD8BF00865CDE /* main.m */ = {isa = PBXFileReference; fileEncoding = 4; lastKnownFileType = sourcecode.c.objc; path = main.m; sourceTree = "<group>"; };
		FDDFE14F1BDDD8BF00865CDE /* EssayDetailController.h */ = {isa = PBXFileReference; fileEncoding = 4; lastKnownFileType = sourcecode.c.h; path = EssayDetailController.h; sourceTree = "<group>"; };
		FDDFE1501BDDD8BF00865CDE /* EssayDetailController.m */ = {isa = PBXFileReference; fileEncoding = 4; lastKnownFileType = sourcecode.c.objc; path = EssayDetailController.m; sourceTree = "<group>"; };
		FDDFE1511BDDD8BF00865CDE /* EssayTableViewCell.h */ = {isa = PBXFileReference; fileEncoding = 4; lastKnownFileType = sourcecode.c.h; path = EssayTableViewCell.h; sourceTree = "<group>"; };
		FDDFE1521BDDD8BF00865CDE /* EssayTableViewCell.m */ = {isa = PBXFileReference; fileEncoding = 4; lastKnownFileType = sourcecode.c.objc; path = EssayTableViewCell.m; sourceTree = "<group>"; };
		FDDFE1531BDDD8BF00865CDE /* EssayViewController.h */ = {isa = PBXFileReference; fileEncoding = 4; lastKnownFileType = sourcecode.c.h; path = EssayViewController.h; sourceTree = "<group>"; };
		FDDFE1541BDDD8BF00865CDE /* EssayViewController.m */ = {isa = PBXFileReference; fileEncoding = 4; lastKnownFileType = sourcecode.c.objc; path = EssayViewController.m; sourceTree = "<group>"; };
		FDDFE1551BDDD8BF00865CDE /* HomeViewController.h */ = {isa = PBXFileReference; fileEncoding = 4; lastKnownFileType = sourcecode.c.h; name = HomeViewController.h; path = ../HomeViewController.h; sourceTree = "<group>"; };
		FDDFE1561BDDD8BF00865CDE /* HomeViewController.m */ = {isa = PBXFileReference; fileEncoding = 4; lastKnownFileType = sourcecode.c.objc; name = HomeViewController.m; path = ../HomeViewController.m; sourceTree = "<group>"; };
		FDDFE1581BDDD8BF00865CDE /* SecondViewController.h */ = {isa = PBXFileReference; fileEncoding = 4; lastKnownFileType = sourcecode.c.h; path = SecondViewController.h; sourceTree = "<group>"; };
		FDDFE1591BDDD8BF00865CDE /* SecondViewController.m */ = {isa = PBXFileReference; fileEncoding = 4; lastKnownFileType = sourcecode.c.objc; path = SecondViewController.m; sourceTree = "<group>"; };
		FDDFE15A1BDDD8BF00865CDE /* TestTabBarController.h */ = {isa = PBXFileReference; fileEncoding = 4; lastKnownFileType = sourcecode.c.h; path = TestTabBarController.h; sourceTree = "<group>"; };
		FDDFE15B1BDDD8BF00865CDE /* TestTabBarController.m */ = {isa = PBXFileReference; fileEncoding = 4; lastKnownFileType = sourcecode.c.objc; path = TestTabBarController.m; sourceTree = "<group>"; };
		FDDFE15D1BDDD8BF00865CDE /* TodoDetailController.h */ = {isa = PBXFileReference; fileEncoding = 4; lastKnownFileType = sourcecode.c.h; path = TodoDetailController.h; sourceTree = "<group>"; };
		FDDFE15E1BDDD8BF00865CDE /* TodoDetailController.m */ = {isa = PBXFileReference; fileEncoding = 4; lastKnownFileType = sourcecode.c.objc; path = TodoDetailController.m; sourceTree = "<group>"; };
		FDDFE15F1BDDD8BF00865CDE /* TodoViewController.h */ = {isa = PBXFileReference; fileEncoding = 4; lastKnownFileType = sourcecode.c.h; path = TodoViewController.h; sourceTree = "<group>"; };
		FDDFE1601BDDD8BF00865CDE /* TodoViewController.m */ = {isa = PBXFileReference; fileEncoding = 4; lastKnownFileType = sourcecode.c.objc; path = TodoViewController.m; sourceTree = "<group>"; };
		FDDFE1791BDDDA7200865CDE /* BaseModel.h */ = {isa = PBXFileReference; fileEncoding = 4; lastKnownFileType = sourcecode.c.h; path = BaseModel.h; sourceTree = "<group>"; };
		FDDFE17A1BDDDA7200865CDE /* BaseModel.m */ = {isa = PBXFileReference; fileEncoding = 4; lastKnownFileType = sourcecode.c.objc; path = BaseModel.m; sourceTree = "<group>"; };
		FDDFE17B1BDDDA7200865CDE /* DataClass.h */ = {isa = PBXFileReference; fileEncoding = 4; lastKnownFileType = sourcecode.c.h; path = DataClass.h; sourceTree = "<group>"; };
		FDDFE17C1BDDDA7200865CDE /* DataClass.m */ = {isa = PBXFileReference; fileEncoding = 4; lastKnownFileType = sourcecode.c.objc; path = DataClass.m; sourceTree = "<group>"; };
		FDDFE17D1BDDDA7200865CDE /* DoneModel.h */ = {isa = PBXFileReference; fileEncoding = 4; lastKnownFileType = sourcecode.c.h; path = DoneModel.h; sourceTree = "<group>"; };
		FDDFE17E1BDDDA7200865CDE /* DoneModel.m */ = {isa = PBXFileReference; fileEncoding = 4; lastKnownFileType = sourcecode.c.objc; path = DoneModel.m; sourceTree = "<group>"; };
		FDDFE17F1BDDDA7200865CDE /* EssayModel.h */ = {isa = PBXFileReference; fileEncoding = 4; lastKnownFileType = sourcecode.c.h; path = EssayModel.h; sourceTree = "<group>"; };
		FDDFE1801BDDDA7200865CDE /* EssayModel.m */ = {isa = PBXFileReference; fileEncoding = 4; lastKnownFileType = sourcecode.c.objc; path = EssayModel.m; sourceTree = "<group>"; };
		FDDFE1811BDDDA7200865CDE /* TodoModel.h */ = {isa = PBXFileReference; fileEncoding = 4; lastKnownFileType = sourcecode.c.h; path = TodoModel.h; sourceTree = "<group>"; };
		FDDFE1821BDDDA7200865CDE /* TodoModel.m */ = {isa = PBXFileReference; fileEncoding = 4; lastKnownFileType = sourcecode.c.objc; path = TodoModel.m; sourceTree = "<group>"; };
		FDE11C0F1C2CFA490097CD46 /* zh-Hans */ = {isa = PBXFileReference; lastKnownFileType = text.plist.strings; name = "zh-Hans"; path = "zh-Hans.lproj/Main.strings"; sourceTree = "<group>"; };
		FDE509891BEBAB2200011276 /* 76.png */ = {isa = PBXFileReference; lastKnownFileType = image.png; path = 76.png; sourceTree = "<group>"; };
		FDE5098A1BEBAB2300011276 /* 152.png */ = {isa = PBXFileReference; lastKnownFileType = image.png; path = 152.png; sourceTree = "<group>"; };
/* End PBXFileReference section */

/* Begin PBXFrameworksBuildPhase section */
		FD15A1E01BAAB1D70048B4D2 /* Frameworks */ = {
			isa = PBXFrameworksBuildPhase;
			buildActionMask = 2147483647;
			files = (
				FD675FA01C015C3000199AB8 /* libPods-ReactiveCocoa.a in Frameworks */,
				FDDFE11F1BDCE58B00865CDE /* SystemConfiguration.framework in Frameworks */,
				FDDFE11D1BDCE57D00865CDE /* UIKit.framework in Frameworks */,
				FDDFE1651BDDD8BF00865CDE /* libWeChatSDK.a in Frameworks */,
				FDDFE11B1BDCE54A00865CDE /* libsqlite3.0.tbd in Frameworks */,
				FDDFE1191BDCE53200865CDE /* libz.tbd in Frameworks */,
				910CE3DEFC0E0136F320E5DB /* libPods.a in Frameworks */,
			);
			runOnlyForDeploymentPostprocessing = 0;
		};
		FD15A1FC1BAAB1D70048B4D2 /* Frameworks */ = {
			isa = PBXFrameworksBuildPhase;
			buildActionMask = 2147483647;
			files = (
			);
			runOnlyForDeploymentPostprocessing = 0;
		};
/* End PBXFrameworksBuildPhase section */

/* Begin PBXGroup section */
		0769B0A9702CDC59FDB3F3DF /* Frameworks */ = {
			isa = PBXGroup;
			children = (
				FD675F9F1C015C3000199AB8 /* libPods-ReactiveCocoa.a */,
				5977DB92A45656A693A56867 /* libPods.a */,
			);
			name = Frameworks;
			sourceTree = "<group>";
		};
		30E7D2C07FA8A8D2389FBB3B /* Pods */ = {
			isa = PBXGroup;
			children = (
				70F8191E3721DCFC2F9F102E /* Pods.debug.xcconfig */,
				2A7EF087E37BFC5C871140F4 /* Pods.release.xcconfig */,
			);
			name = Pods;
			sourceTree = "<group>";
		};
		FD15A1DA1BAAB1D70048B4D2 = {
			isa = PBXGroup;
			children = (
				FD1DF03F1CBF3ADF008AB24C /* framework */,
				FD15A1E51BAAB1D70048B4D2 /* TimeFlies */,
				FD15A2021BAAB1D70048B4D2 /* TimeFliesTests */,
				FD15A1E41BAAB1D70048B4D2 /* Products */,
				30E7D2C07FA8A8D2389FBB3B /* Pods */,
				0769B0A9702CDC59FDB3F3DF /* Frameworks */,
			);
			sourceTree = "<group>";
		};
		FD15A1E41BAAB1D70048B4D2 /* Products */ = {
			isa = PBXGroup;
			children = (
				FD15A1E31BAAB1D70048B4D2 /* TimeFlies.app */,
				FD15A1FF1BAAB1D70048B4D2 /* TimeFlies.xctest */,
			);
			name = Products;
			sourceTree = "<group>";
		};
		FD15A1E51BAAB1D70048B4D2 /* TimeFlies */ = {
			isa = PBXGroup;
			children = (
				FD4077181BE46ADC00423A93 /* vender */,
				FD4BB4B71BE0787900F4AA30 /* img */,
				FDDFE1781BDDDA7200865CDE /* model */,
				FDDFE1291BDDD8BF00865CDE /* extension */,
				FDDFE1441BDDD8BF00865CDE /* supporting files */,
				FDDFE14C1BDDD8BF00865CDE /* vc */,
				FD15A1EA1BAAB1D70048B4D2 /* AppDelegate.h */,
				FD15A1EB1BAAB1D70048B4D2 /* AppDelegate.m */,
				FD0F49AA1CB6796700C2155E /* TimeFlies-Bridging-Header.h */,
			);
			path = TimeFlies;
			sourceTree = "<group>";
		};
		FD15A2021BAAB1D70048B4D2 /* TimeFliesTests */ = {
			isa = PBXGroup;
			children = (
				FD15A2051BAAB1D70048B4D2 /* TimeFliesTests.m */,
				FD15A2031BAAB1D70048B4D2 /* Supporting Files */,
			);
			path = TimeFliesTests;
			sourceTree = "<group>";
		};
		FD15A2031BAAB1D70048B4D2 /* Supporting Files */ = {
			isa = PBXGroup;
			children = (
				FD15A2041BAAB1D70048B4D2 /* Info.plist */,
			);
			name = "Supporting Files";
			sourceTree = "<group>";
		};
		FD1DF03F1CBF3ADF008AB24C /* framework */ = {
			isa = PBXGroup;
			children = (
				FDDFE11E1BDCE58B00865CDE /* SystemConfiguration.framework */,
				FDDFE11C1BDCE57D00865CDE /* UIKit.framework */,
				FDDFE11A1BDCE54A00865CDE /* libsqlite3.0.tbd */,
				FDDFE1181BDCE53200865CDE /* libz.tbd */,
			);
			name = framework;
			sourceTree = "<group>";
		};
		FD1DF0401CBF3C63008AB24C /* New Group */ = {
			isa = PBXGroup;
			children = (
				FD1DF0431CBF3CB2008AB24C /* sqlService.h */,
				FD1DF0441CBF3CB2008AB24C /* sqlService.m */,
			);
			name = "New Group";
			sourceTree = "<group>";
		};
		FD29287F1C868839001A41F3 /* base */ = {
			isa = PBXGroup;
			children = (
				FD2928831C8688C4001A41F3 /* LYColor.h */,
				FD2928841C8688C4001A41F3 /* LYColor.m */,
				FD2928801C86886E001A41F3 /* UIViewController+TimeFliesNavigationItem.h */,
				FD2928811C86886E001A41F3 /* UIViewController+TimeFliesNavigationItem.m */,
			);
			path = base;
			sourceTree = "<group>";
		};
		FD4077181BE46ADC00423A93 /* vender */ = {
			isa = PBXGroup;
			children = (
				FD4077191BE46ADC00423A93 /* knob */,
			);
			path = vender;
			sourceTree = "<group>";
		};
		FD4077191BE46ADC00423A93 /* knob */ = {
			isa = PBXGroup;
			children = (
				FD40771A1BE46ADC00423A93 /* RWKnobControl.h */,
				FD40771B1BE46ADC00423A93 /* RWKnobControl.m */,
				FD40771C1BE46ADC00423A93 /* RWKnobRenderer.h */,
				FD40771D1BE46ADC00423A93 /* RWKnobRenderer.m */,
				FD40771E1BE46ADC00423A93 /* RWRotationGestureRecognizer.h */,
				FD40771F1BE46ADC00423A93 /* RWRotationGestureRecognizer.m */,
			);
			path = knob;
			sourceTree = "<group>";
		};
		FD4077651BE89D6300423A93 /* animation */ = {
			isa = PBXGroup;
			children = (
				FD7D9B8F1BEA054D0012B41D /* ModalInterActiveTransitionAnimation.h */,
				FD7D9B901BEA054D0012B41D /* ModalInterActiveTransitionAnimation.m */,
				FD7D9B8C1BEA050A0012B41D /* ModalMoveTransitionAnimation.h */,
				FD7D9B8D1BEA050A0012B41D /* ModalMoveTransitionAnimation.m */,
				FD7D9B861BE9FDED0012B41D /* ModalTransitionAnimation.h */,
				FD7D9B871BE9FDED0012B41D /* ModalTransitionAnimation.m */,
				FDA7FBCB1BE99EB20005C4DC /* NavigationControllerDelegate.h */,
				FDA7FBCC1BE99EB20005C4DC /* NavigationControllerDelegate.m */,
				FDA7FBCE1BE99F400005C4DC /* NavigationTransitionAnimation.h */,
				FDA7FBCF1BE99F400005C4DC /* NavigationTransitionAnimation.m */,
				FD4077691BE89E0100423A93 /* TabbarControllerDelegate.h */,
				FD40776A1BE89E0100423A93 /* TabbarControllerDelegate.m */,
				FD6C044D1BE8A46C009F056F /* TabbarTransitionLeftAnimation.h */,
				FD6C044E1BE8A46C009F056F /* TabbarTransitionLeftAnimation.m */,
				FD4077661BE89D7000423A93 /* TabbarTransitionRightAnimation.h */,
				FD4077671BE89D7000423A93 /* TabbarTransitionRightAnimation.m */,
				FD7D9B891BEA023D0012B41D /* UIViewControllerDelegate.h */,
				FD7D9B8A1BEA023D0012B41D /* UIViewControllerDelegate.m */,
			);
			path = animation;
			sourceTree = "<group>";
		};
		FD4BB4B71BE0787900F4AA30 /* img */ = {
			isa = PBXGroup;
			children = (
				FD54DDC11C22F1AC009A8AD5 /* tab */,
				FDE509891BEBAB2200011276 /* 76.png */,
				FDE5098A1BEBAB2300011276 /* 152.png */,
				FD4BB4BA1BE0787900F4AA30 /* icon_settings@2x.png */,
				FD4BB4BB1BE0787900F4AA30 /* icon_settings@3x.png */,
				FD4BB4BC1BE0787900F4AA30 /* icon_spotlight@2x.png */,
				FD4BB4BD1BE0787900F4AA30 /* icon_spotlight@3x.png */,
				FD4BB4B81BE0787900F4AA30 /* icon@2x.png */,
				FD4BB4B91BE0787900F4AA30 /* icon@3x.png */,
				FD4BB4C41BE0C51700F4AA30 /* phone.png */,
				FD4BB4C51BE0C51700F4AA30 /* write.png */,
			);
			name = img;
			path = TimeFlies/img;
			sourceTree = SOURCE_ROOT;
		};
		FD54DDC11C22F1AC009A8AD5 /* tab */ = {
			isa = PBXGroup;
			children = (
				FD54DDC21C22F1AC009A8AD5 /* tab_around_normal@2x.png */,
				FD54DDC31C22F1AC009A8AD5 /* tab_chat_normal@2x.png */,
				FD54DDC41C22F1AC009A8AD5 /* tab_finance_normal@2x.png */,
				FD54DDC51C22F1AC009A8AD5 /* tab_mycenter_normal@2x.png */,
			);
			path = tab;
			sourceTree = "<group>";
		};
		FDDFE1291BDDD8BF00865CDE /* extension */ = {
			isa = PBXGroup;
			children = (
				FD4077651BE89D6300423A93 /* animation */,
				FDDFE12A1BDDD8BF00865CDE /* weixin */,
			);
			path = extension;
			sourceTree = "<group>";
		};
		FDDFE12A1BDDD8BF00865CDE /* weixin */ = {
			isa = PBXGroup;
			children = (
				FDDFE12B1BDDD8BF00865CDE /* lib */,
				FDDFE1321BDDD8BF00865CDE /* mpl */,
				FDDFE1351BDDD8BF00865CDE /* SDKExport */,
			);
			path = weixin;
			sourceTree = "<group>";
		};
		FDDFE12B1BDDD8BF00865CDE /* lib */ = {
			isa = PBXGroup;
			children = (
				FDDFE12C1BDDD8BF00865CDE /* ApiXml.h */,
				FDDFE12D1BDDD8BF00865CDE /* ApiXml.mm */,
				FDDFE12E1BDDD8BF00865CDE /* payRequsestHandler.h */,
				FDDFE12F1BDDD8BF00865CDE /* payRequsestHandler.mm */,
				FDDFE1301BDDD8BF00865CDE /* WXUtil.h */,
				FDDFE1311BDDD8BF00865CDE /* WXUtil.mm */,
			);
			path = lib;
			sourceTree = "<group>";
		};
		FDDFE1321BDDD8BF00865CDE /* mpl */ = {
			isa = PBXGroup;
			children = (
				FDDFE1331BDDD8BF00865CDE /* WeixinShare.h */,
				FDDFE1341BDDD8BF00865CDE /* WeixinShare.m */,
			);
			path = mpl;
			sourceTree = "<group>";
		};
		FDDFE1351BDDD8BF00865CDE /* SDKExport */ = {
			isa = PBXGroup;
			children = (
				FDDFE1361BDDD8BF00865CDE /* libWeChatSDK.a */,
				FDDFE1371BDDD8BF00865CDE /* WXApi.h */,
				FDDFE1381BDDD8BF00865CDE /* WXApiObject.h */,
			);
			path = SDKExport;
			sourceTree = "<group>";
		};
		FDDFE1441BDDD8BF00865CDE /* supporting files */ = {
			isa = PBXGroup;
			children = (
				FD54DDCA1C22F600009A8AD5 /* TimeFlies.entitlements */,
				FD4BB4E41BE1141F00F4AA30 /* LaunchScreen.xib */,
				FDDFE1491BDDD8BF00865CDE /* Images.xcassets */,
				FDDFE14B1BDDD8BF00865CDE /* main.m */,
				FD4BB4D31BE0FB6A00F4AA30 /* Localizable.strings */,
				FD4BB4E01BE10FCA00F4AA30 /* InfoPlist.strings */,
				FD4BB4EB1BE118D700F4AA30 /* LaunchViewController.h */,
				FD4BB4EC1BE118D700F4AA30 /* LaunchViewController.m */,
			);
			path = "supporting files";
			sourceTree = "<group>";
		};
		FDDFE14C1BDDD8BF00865CDE /* vc */ = {
			isa = PBXGroup;
			children = (
				FD29287F1C868839001A41F3 /* base */,
				FDDFE1471BDDD8BF00865CDE /* Main.storyboard */,
				FD2928861C86BE40001A41F3 /* done.storyboard */,
				FDDFE14D1BDDD8BF00865CDE /* done */,
				FDDFE14E1BDDD8BF00865CDE /* essay */,
				FDDFE1571BDDD8BF00865CDE /* home */,
				FDDFE15C1BDDD8BF00865CDE /* todo */,
				FDDFE1581BDDD8BF00865CDE /* SecondViewController.h */,
				FDDFE1591BDDD8BF00865CDE /* SecondViewController.m */,
				FDDFE15A1BDDD8BF00865CDE /* TestTabBarController.h */,
				FDDFE15B1BDDD8BF00865CDE /* TestTabBarController.m */,
			);
			path = vc;
			sourceTree = "<group>";
		};
		FDDFE14D1BDDD8BF00865CDE /* done */ = {
			isa = PBXGroup;
			children = (
				FD47D46C1BDE0AEB000482A7 /* DoneTableViewController.h */,
				FD47D46D1BDE0AEB000482A7 /* DoneTableViewController.m */,
				FD1DEFD01CB7A441008AB24C /* DoneTableViewController.swift */,
				FD4BB4B11BDF20B500F4AA30 /* DoneDetailController.h */,
				FD4BB4B21BDF20B500F4AA30 /* DoneDetailController.m */,
				FD1DEFCE1CB7A387008AB24C /* DoneDetailController.swift */,
				FD47D46F1BDE0B72000482A7 /* DoneTableViewCell.h */,
				FD47D4701BDE0B72000482A7 /* DoneTableViewCell.m */,
				FD1DEFCC1CB7A250008AB24C /* DoneTableViewCell.swift */,
			);
			path = done;
			sourceTree = "<group>";
		};
		FDDFE14E1BDDD8BF00865CDE /* essay */ = {
			isa = PBXGroup;
			children = (
				FDDFE14F1BDDD8BF00865CDE /* EssayDetailController.h */,
				FDDFE1501BDDD8BF00865CDE /* EssayDetailController.m */,
				FDDFE1511BDDD8BF00865CDE /* EssayTableViewCell.h */,
				FDDFE1521BDDD8BF00865CDE /* EssayTableViewCell.m */,
				FD1DEFC21CB748F7008AB24C /* EssayTableViewCell.swift */,
				FDDFE1531BDDD8BF00865CDE /* EssayViewController.h */,
				FDDFE1541BDDD8BF00865CDE /* EssayViewController.m */,
				FD1DEFC41CB75158008AB24C /* EssayViewController.swift */,
			);
			path = essay;
			sourceTree = "<group>";
		};
		FDDFE1571BDDD8BF00865CDE /* home */ = {
			isa = PBXGroup;
			children = (
				FDDFE1551BDDD8BF00865CDE /* HomeViewController.h */,
				FDDFE1561BDDD8BF00865CDE /* HomeViewController.m */,
				FD0F49AD1CB6799F00C2155E /* HomeViewController.swift */,
				FD47D4691BDE0076000482A7 /* TimeSelectController.h */,
				FD47D46A1BDE0076000482A7 /* TimeSelectController.m */,
				FD1DEFC01CB73BE9008AB24C /* TimeSelectController.swift */,
			);
			path = home;
			sourceTree = "<group>";
		};
		FDDFE15C1BDDD8BF00865CDE /* todo */ = {
			isa = PBXGroup;
			children = (
				FDDFE15D1BDDD8BF00865CDE /* TodoDetailController.h */,
				FDDFE15E1BDDD8BF00865CDE /* TodoDetailController.m */,
				FD1DEFC61CB7864A008AB24C /* TodoDetailController.swift */,
				FDDFE15F1BDDD8BF00865CDE /* TodoViewController.h */,
				FDDFE1601BDDD8BF00865CDE /* TodoViewController.m */,
				FD1DEFC81CB794D5008AB24C /* TodoViewController.swift */,
				FD47D4661BDDE1C5000482A7 /* TodoCollectionViewCell.h */,
				FD47D4671BDDE1C5000482A7 /* TodoCollectionViewCell.m */,
				FD1DEFCA1CB7951B008AB24C /* TodoCollectionViewCell.swift */,
			);
			path = todo;
			sourceTree = "<group>";
		};
		FDDFE1781BDDDA7200865CDE /* model */ = {
			isa = PBXGroup;
			children = (
				FD1DF0401CBF3C63008AB24C /* New Group */,
				FDDFE1791BDDDA7200865CDE /* BaseModel.h */,
				FDDFE17A1BDDDA7200865CDE /* BaseModel.m */,
				FDDFE17B1BDDDA7200865CDE /* DataClass.h */,
				FDDFE17C1BDDDA7200865CDE /* DataClass.m */,
				FDDFE17D1BDDDA7200865CDE /* DoneModel.h */,
				FDDFE17E1BDDDA7200865CDE /* DoneModel.m */,
				FDDFE17F1BDDDA7200865CDE /* EssayModel.h */,
				FDDFE1801BDDDA7200865CDE /* EssayModel.m */,
				FDDFE1811BDDDA7200865CDE /* TodoModel.h */,
				FDDFE1821BDDDA7200865CDE /* TodoModel.m */,
				FD4BB4AE1BDE27AD00F4AA30 /* HomeModel.h */,
				FD4BB4AF1BDE27AD00F4AA30 /* HomeModel.m */,
			);
			path = model;
			sourceTree = "<group>";
		};
/* End PBXGroup section */

/* Begin PBXNativeTarget section */
		FD15A1E21BAAB1D70048B4D2 /* TimeFlies */ = {
			isa = PBXNativeTarget;
			buildConfigurationList = FD15A2091BAAB1D70048B4D2 /* Build configuration list for PBXNativeTarget "TimeFlies" */;
			buildPhases = (
				7F28721E91F9119A7C83F55B /* Check Pods Manifest.lock */,
				FD15A1DF1BAAB1D70048B4D2 /* Sources */,
				FD15A1E01BAAB1D70048B4D2 /* Frameworks */,
				FD15A1E11BAAB1D70048B4D2 /* Resources */,
				A0924BE683CC6C2C237B1115 /* Copy Pods Resources */,
			);
			buildRules = (
			);
			dependencies = (
			);
			name = TimeFlies;
			productName = testTabbarController;
			productReference = FD15A1E31BAAB1D70048B4D2 /* TimeFlies.app */;
			productType = "com.apple.product-type.application";
		};
		FD15A1FE1BAAB1D70048B4D2 /* TimeFliesTests */ = {
			isa = PBXNativeTarget;
			buildConfigurationList = FD15A20C1BAAB1D70048B4D2 /* Build configuration list for PBXNativeTarget "TimeFliesTests" */;
			buildPhases = (
				FD15A1FB1BAAB1D70048B4D2 /* Sources */,
				FD15A1FC1BAAB1D70048B4D2 /* Frameworks */,
				FD15A1FD1BAAB1D70048B4D2 /* Resources */,
			);
			buildRules = (
			);
			dependencies = (
				FD15A2011BAAB1D70048B4D2 /* PBXTargetDependency */,
			);
			name = TimeFliesTests;
			productName = testTabbarControllerTests;
			productReference = FD15A1FF1BAAB1D70048B4D2 /* TimeFlies.xctest */;
			productType = "com.apple.product-type.bundle.unit-test";
		};
/* End PBXNativeTarget section */

/* Begin PBXProject section */
		FD15A1DB1BAAB1D70048B4D2 /* Project object */ = {
			isa = PBXProject;
			attributes = {
				LastSwiftUpdateCheck = 0710;
				LastUpgradeCheck = 0710;
				ORGANIZATIONNAME = "林伟池";
				TargetAttributes = {
					FD15A1E21BAAB1D70048B4D2 = {
						CreatedOnToolsVersion = 6.4;
						DevelopmentTeam = A478ENRUX2;
						LastSwiftMigration = 0810;
						ProvisioningStyle = Automatic;
						SystemCapabilities = {
							com.apple.iCloud = {
								enabled = 1;
							};
						};
					};
					FD15A1FE1BAAB1D70048B4D2 = {
						CreatedOnToolsVersion = 6.4;
						ProvisioningStyle = Automatic;
						TestTargetID = FD15A1E21BAAB1D70048B4D2;
					};
				};
			};
			buildConfigurationList = FD15A1DE1BAAB1D70048B4D2 /* Build configuration list for PBXProject "TimeFlies" */;
			compatibilityVersion = "Xcode 3.2";
			developmentRegion = English;
			hasScannedForEncodings = 0;
			knownRegions = (
				en,
				Base,
				"zh-Hans",
			);
			mainGroup = FD15A1DA1BAAB1D70048B4D2;
			productRefGroup = FD15A1E41BAAB1D70048B4D2 /* Products */;
			projectDirPath = "";
			projectRoot = "";
			targets = (
				FD15A1E21BAAB1D70048B4D2 /* TimeFlies */,
				FD15A1FE1BAAB1D70048B4D2 /* TimeFliesTests */,
			);
		};
/* End PBXProject section */

/* Begin PBXResourcesBuildPhase section */
		FD15A1E11BAAB1D70048B4D2 /* Resources */ = {
			isa = PBXResourcesBuildPhase;
			buildActionMask = 2147483647;
			files = (
				FD4BB4C21BE0787900F4AA30 /* icon_spotlight@2x.png in Resources */,
				FD4BB4D11BE0FB6A00F4AA30 /* Localizable.strings in Resources */,
				FD54DDC81C22F1AC009A8AD5 /* tab_finance_normal@2x.png in Resources */,
				FDDFE16D1BDDD8BF00865CDE /* Images.xcassets in Resources */,
				FD4BB4DE1BE10FCA00F4AA30 /* InfoPlist.strings in Resources */,
				FD2928871C86BE40001A41F3 /* done.storyboard in Resources */,
				FD4BB4C61BE0C51700F4AA30 /* phone.png in Resources */,
				FD4BB4BE1BE0787900F4AA30 /* icon@2x.png in Resources */,
				FD4BB4C11BE0787900F4AA30 /* icon_settings@3x.png in Resources */,
				FD54DDC71C22F1AC009A8AD5 /* tab_chat_normal@2x.png in Resources */,
				FD4BB4C01BE0787900F4AA30 /* icon_settings@2x.png in Resources */,
				FD54DDCB1C22F600009A8AD5 /* TimeFlies.entitlements in Resources */,
				FD4BB4C31BE0787900F4AA30 /* icon_spotlight@3x.png in Resources */,
				FD54DDC91C22F1AC009A8AD5 /* tab_mycenter_normal@2x.png in Resources */,
				FDE5098C1BEBAB2300011276 /* 152.png in Resources */,
				FD4BB4E61BE1141F00F4AA30 /* LaunchScreen.xib in Resources */,
				FD4BB4BF1BE0787900F4AA30 /* icon@3x.png in Resources */,
				FD54DDC61C22F1AC009A8AD5 /* tab_around_normal@2x.png in Resources */,
				FDDFE16C1BDDD8BF00865CDE /* Main.storyboard in Resources */,
				FDE5098B1BEBAB2300011276 /* 76.png in Resources */,
				FD4BB4C71BE0C51700F4AA30 /* write.png in Resources */,
			);
			runOnlyForDeploymentPostprocessing = 0;
		};
		FD15A1FD1BAAB1D70048B4D2 /* Resources */ = {
			isa = PBXResourcesBuildPhase;
			buildActionMask = 2147483647;
			files = (
			);
			runOnlyForDeploymentPostprocessing = 0;
		};
/* End PBXResourcesBuildPhase section */

/* Begin PBXShellScriptBuildPhase section */
		7F28721E91F9119A7C83F55B /* Check Pods Manifest.lock */ = {
			isa = PBXShellScriptBuildPhase;
			buildActionMask = 2147483647;
			files = (
			);
			inputPaths = (
			);
			name = "Check Pods Manifest.lock";
			outputPaths = (
			);
			runOnlyForDeploymentPostprocessing = 0;
			shellPath = /bin/sh;
			shellScript = "diff \"${PODS_ROOT}/../Podfile.lock\" \"${PODS_ROOT}/Manifest.lock\" > /dev/null\nif [[ $? != 0 ]] ; then\n    cat << EOM\nerror: The sandbox is not in sync with the Podfile.lock. Run 'pod install' or update your CocoaPods installation.\nEOM\n    exit 1\nfi\n";
			showEnvVarsInLog = 0;
		};
		A0924BE683CC6C2C237B1115 /* Copy Pods Resources */ = {
			isa = PBXShellScriptBuildPhase;
			buildActionMask = 2147483647;
			files = (
			);
			inputPaths = (
			);
			name = "Copy Pods Resources";
			outputPaths = (
			);
			runOnlyForDeploymentPostprocessing = 0;
			shellPath = /bin/sh;
			shellScript = "\"${SRCROOT}/Pods/Target Support Files/Pods/Pods-resources.sh\"\n";
			showEnvVarsInLog = 0;
		};
/* End PBXShellScriptBuildPhase section */

/* Begin PBXSourcesBuildPhase section */
		FD15A1DF1BAAB1D70048B4D2 /* Sources */ = {
			isa = PBXSourcesBuildPhase;
			buildActionMask = 2147483647;
			files = (
				FDDFE1771BDDD8BF00865CDE /* TodoViewController.m in Sources */,
				FDDFE1741BDDD8BF00865CDE /* SecondViewController.m in Sources */,
				FD47D4711BDE0B72000482A7 /* DoneTableViewCell.m in Sources */,
				FD4BB4ED1BE118D700F4AA30 /* LaunchViewController.m in Sources */,
				FDDFE1721BDDD8BF00865CDE /* EssayViewController.m in Sources */,
				FD4077211BE46ADC00423A93 /* RWKnobRenderer.m in Sources */,
				FDDFE1761BDDD8BF00865CDE /* TodoDetailController.m in Sources */,
				FD1DEFC31CB748F7008AB24C /* EssayTableViewCell.swift in Sources */,
				FD4077201BE46ADC00423A93 /* RWKnobControl.m in Sources */,
				FD1DEFCF1CB7A387008AB24C /* DoneDetailController.swift in Sources */,
				FDDFE1841BDDDA7200865CDE /* DataClass.m in Sources */,
				FD15A1EC1BAAB1D70048B4D2 /* AppDelegate.m in Sources */,
				FDDFE1731BDDD8BF00865CDE /* HomeViewController.m in Sources */,
				FDA7FBCD1BE99EB20005C4DC /* NavigationControllerDelegate.m in Sources */,
				FD4BB4B01BDE27AD00F4AA30 /* HomeModel.m in Sources */,
				FD7D9B8B1BEA023D0012B41D /* UIViewControllerDelegate.m in Sources */,
				FD7D9B911BEA054D0012B41D /* ModalInterActiveTransitionAnimation.m in Sources */,
				FDA7FBD01BE99F400005C4DC /* NavigationTransitionAnimation.m in Sources */,
				FD2928851C8688C4001A41F3 /* LYColor.m in Sources */,
				FD1DEFD11CB7A441008AB24C /* DoneTableViewController.swift in Sources */,
				FD47D46E1BDE0AEB000482A7 /* DoneTableViewController.m in Sources */,
				FD47D46B1BDE0076000482A7 /* TimeSelectController.m in Sources */,
				FD7D9B881BE9FDED0012B41D /* ModalTransitionAnimation.m in Sources */,
				FDDFE1641BDDD8BF00865CDE /* WeixinShare.m in Sources */,
				FD47D4681BDDE1C5000482A7 /* TodoCollectionViewCell.m in Sources */,
				FDDFE16F1BDDD8BF00865CDE /* main.m in Sources */,
				FDDFE1861BDDDA7200865CDE /* EssayModel.m in Sources */,
				FD1DEFC11CB73BE9008AB24C /* TimeSelectController.swift in Sources */,
				FDDFE1711BDDD8BF00865CDE /* EssayTableViewCell.m in Sources */,
				FDDFE1851BDDDA7200865CDE /* DoneModel.m in Sources */,
				FD1DEFC51CB75158008AB24C /* EssayViewController.swift in Sources */,
				FDDFE1701BDDD8BF00865CDE /* EssayDetailController.m in Sources */,
				FD1DF0451CBF3CB2008AB24C /* sqlService.m in Sources */,
				FD7D9B8E1BEA050A0012B41D /* ModalMoveTransitionAnimation.m in Sources */,
				FD40776B1BE89E0100423A93 /* TabbarControllerDelegate.m in Sources */,
				FDDFE1751BDDD8BF00865CDE /* TestTabBarController.m in Sources */,
				FD4BB4B31BDF20B500F4AA30 /* DoneDetailController.m in Sources */,
				FDDFE1611BDDD8BF00865CDE /* ApiXml.mm in Sources */,
				FD1DEFC71CB7864A008AB24C /* TodoDetailController.swift in Sources */,
				FDDFE1621BDDD8BF00865CDE /* payRequsestHandler.mm in Sources */,
				FDDFE1831BDDDA7200865CDE /* BaseModel.m in Sources */,
				FDDFE1631BDDD8BF00865CDE /* WXUtil.mm in Sources */,
				FD6C044F1BE8A46C009F056F /* TabbarTransitionLeftAnimation.m in Sources */,
				FD0F49AE1CB6799F00C2155E /* HomeViewController.swift in Sources */,
				FD4077681BE89D7000423A93 /* TabbarTransitionRightAnimation.m in Sources */,
				FD1DEFCB1CB7951B008AB24C /* TodoCollectionViewCell.swift in Sources */,
				FD1DEFCD1CB7A250008AB24C /* DoneTableViewCell.swift in Sources */,
				FD2928821C86886E001A41F3 /* UIViewController+TimeFliesNavigationItem.m in Sources */,
				FDDFE1871BDDDA7200865CDE /* TodoModel.m in Sources */,
				FD1DEFC91CB794D5008AB24C /* TodoViewController.swift in Sources */,
				FD4077221BE46ADC00423A93 /* RWRotationGestureRecognizer.m in Sources */,
			);
			runOnlyForDeploymentPostprocessing = 0;
		};
		FD15A1FB1BAAB1D70048B4D2 /* Sources */ = {
			isa = PBXSourcesBuildPhase;
			buildActionMask = 2147483647;
			files = (
				FD15A2061BAAB1D70048B4D2 /* TimeFliesTests.m in Sources */,
			);
			runOnlyForDeploymentPostprocessing = 0;
		};
/* End PBXSourcesBuildPhase section */

/* Begin PBXTargetDependency section */
		FD15A2011BAAB1D70048B4D2 /* PBXTargetDependency */ = {
			isa = PBXTargetDependency;
			target = FD15A1E21BAAB1D70048B4D2 /* TimeFlies */;
			targetProxy = FD15A2001BAAB1D70048B4D2 /* PBXContainerItemProxy */;
		};
/* End PBXTargetDependency section */

/* Begin PBXVariantGroup section */
		FD4BB4D31BE0FB6A00F4AA30 /* Localizable.strings */ = {
			isa = PBXVariantGroup;
			children = (
				FD4BB4D21BE0FB6A00F4AA30 /* en */,
				FD4BB4D41BE0FB7000F4AA30 /* Base */,
				FD4077161BE3517800423A93 /* zh-Hans */,
			);
			name = Localizable.strings;
			sourceTree = "<group>";
		};
		FD4BB4E01BE10FCA00F4AA30 /* InfoPlist.strings */ = {
			isa = PBXVariantGroup;
			children = (
				FD4BB4DF1BE10FCA00F4AA30 /* en */,
				FD4BB4E11BE1115400F4AA30 /* Base */,
				FD4077171BE3517800423A93 /* zh-Hans */,
			);
			name = InfoPlist.strings;
			sourceTree = "<group>";
		};
		FD4BB4E41BE1141F00F4AA30 /* LaunchScreen.xib */ = {
			isa = PBXVariantGroup;
			children = (
				FD4BB4E51BE1141F00F4AA30 /* Base */,
				FD4BB4EA1BE114BC00F4AA30 /* en */,
				FD4077141BE3517800423A93 /* zh-Hans */,
			);
			name = LaunchScreen.xib;
			sourceTree = "<group>";
		};
		FDDFE1471BDDD8BF00865CDE /* Main.storyboard */ = {
			isa = PBXVariantGroup;
			children = (
				FDDFE1481BDDD8BF00865CDE /* Base */,
				FD4BB4D91BE0FD4300F4AA30 /* en */,
				FDE11C0F1C2CFA490097CD46 /* zh-Hans */,
			);
			name = Main.storyboard;
			path = "../supporting files";
			sourceTree = "<group>";
		};
/* End PBXVariantGroup section */

/* Begin XCBuildConfiguration section */
		FD15A2071BAAB1D70048B4D2 /* Debug */ = {
			isa = XCBuildConfiguration;
			buildSettings = {
				ALWAYS_SEARCH_USER_PATHS = NO;
				CLANG_CXX_LANGUAGE_STANDARD = "gnu++0x";
				CLANG_CXX_LIBRARY = "libc++";
				CLANG_ENABLE_MODULES = YES;
				CLANG_ENABLE_OBJC_ARC = YES;
				CLANG_WARN_BOOL_CONVERSION = YES;
				CLANG_WARN_CONSTANT_CONVERSION = YES;
				CLANG_WARN_DIRECT_OBJC_ISA_USAGE = YES_ERROR;
				CLANG_WARN_EMPTY_BODY = YES;
				CLANG_WARN_ENUM_CONVERSION = YES;
				CLANG_WARN_INT_CONVERSION = YES;
				CLANG_WARN_OBJC_ROOT_CLASS = YES_ERROR;
				CLANG_WARN_UNREACHABLE_CODE = YES;
				CLANG_WARN__DUPLICATE_METHOD_MATCH = YES;
				CODE_SIGN_IDENTITY = "iPhone Distribution: Xinmin Li (HF83WH5SDV)";
				"CODE_SIGN_IDENTITY[sdk=iphoneos*]" = "iPhone Distribution: Xinmin Li (HF83WH5SDV)";
				COPY_PHASE_STRIP = NO;
				DEBUG_INFORMATION_FORMAT = "dwarf-with-dsym";
				ENABLE_STRICT_OBJC_MSGSEND = YES;
				ENABLE_TESTABILITY = YES;
				GCC_C_LANGUAGE_STANDARD = gnu99;
				GCC_DYNAMIC_NO_PIC = NO;
				GCC_NO_COMMON_BLOCKS = YES;
				GCC_OPTIMIZATION_LEVEL = 0;
				GCC_PREPROCESSOR_DEFINITIONS = (
					"DEBUG=1",
					"$(inherited)",
				);
				GCC_SYMBOLS_PRIVATE_EXTERN = NO;
				GCC_WARN_64_TO_32_BIT_CONVERSION = YES;
				GCC_WARN_ABOUT_RETURN_TYPE = YES_ERROR;
				GCC_WARN_UNDECLARED_SELECTOR = YES;
				GCC_WARN_UNINITIALIZED_AUTOS = YES_AGGRESSIVE;
				GCC_WARN_UNUSED_FUNCTION = YES;
				GCC_WARN_UNUSED_VARIABLE = YES;
				IPHONEOS_DEPLOYMENT_TARGET = 8.1;
				MTL_ENABLE_DEBUG_INFO = YES;
				ONLY_ACTIVE_ARCH = YES;
				PROVISIONING_PROFILE = "38203503-0b6c-447e-98db-5a055fd2e5b7";
				SDKROOT = iphoneos;
			};
			name = Debug;
		};
		FD15A2081BAAB1D70048B4D2 /* Release */ = {
			isa = XCBuildConfiguration;
			buildSettings = {
				ALWAYS_SEARCH_USER_PATHS = NO;
				CLANG_CXX_LANGUAGE_STANDARD = "gnu++0x";
				CLANG_CXX_LIBRARY = "libc++";
				CLANG_ENABLE_MODULES = YES;
				CLANG_ENABLE_OBJC_ARC = YES;
				CLANG_WARN_BOOL_CONVERSION = YES;
				CLANG_WARN_CONSTANT_CONVERSION = YES;
				CLANG_WARN_DIRECT_OBJC_ISA_USAGE = YES_ERROR;
				CLANG_WARN_EMPTY_BODY = YES;
				CLANG_WARN_ENUM_CONVERSION = YES;
				CLANG_WARN_INT_CONVERSION = YES;
				CLANG_WARN_OBJC_ROOT_CLASS = YES_ERROR;
				CLANG_WARN_UNREACHABLE_CODE = YES;
				CLANG_WARN__DUPLICATE_METHOD_MATCH = YES;
				CODE_SIGN_IDENTITY = "iPhone Distribution: Xinmin Li (HF83WH5SDV)";
				"CODE_SIGN_IDENTITY[sdk=iphoneos*]" = "iPhone Distribution: Xinmin Li (HF83WH5SDV)";
				COPY_PHASE_STRIP = NO;
				DEBUG_INFORMATION_FORMAT = "dwarf-with-dsym";
				ENABLE_NS_ASSERTIONS = NO;
				ENABLE_STRICT_OBJC_MSGSEND = YES;
				GCC_C_LANGUAGE_STANDARD = gnu99;
				GCC_NO_COMMON_BLOCKS = YES;
				GCC_WARN_64_TO_32_BIT_CONVERSION = YES;
				GCC_WARN_ABOUT_RETURN_TYPE = YES_ERROR;
				GCC_WARN_UNDECLARED_SELECTOR = YES;
				GCC_WARN_UNINITIALIZED_AUTOS = YES_AGGRESSIVE;
				GCC_WARN_UNUSED_FUNCTION = YES;
				GCC_WARN_UNUSED_VARIABLE = YES;
				IPHONEOS_DEPLOYMENT_TARGET = 8.1;
				MTL_ENABLE_DEBUG_INFO = NO;
				PROVISIONING_PROFILE = "38203503-0b6c-447e-98db-5a055fd2e5b7";
				SDKROOT = iphoneos;
				VALIDATE_PRODUCT = YES;
			};
			name = Release;
		};
		FD15A20A1BAAB1D70048B4D2 /* Debug */ = {
			isa = XCBuildConfiguration;
			baseConfigurationReference = 70F8191E3721DCFC2F9F102E /* Pods.debug.xcconfig */;
			buildSettings = {
				ASSETCATALOG_COMPILER_APPICON_NAME = AppIcon;
				CLANG_ENABLE_MODULES = YES;
				CODE_SIGN_ENTITLEMENTS = "TimeFlies/supporting files/TimeFlies.entitlements";
				CODE_SIGN_IDENTITY = "iPhone Developer";
				"CODE_SIGN_IDENTITY[sdk=iphoneos*]" = "iPhone Developer";
				DEVELOPMENT_TEAM = A478ENRUX2;
				ENABLE_BITCODE = NO;
				INFOPLIST_FILE = "TimeFlies/supporting files/Info.plist";
				IPHONEOS_DEPLOYMENT_TARGET = 9.0;
				LD_RUNPATH_SEARCH_PATHS = "$(inherited) @executable_path/Frameworks";
				LIBRARY_SEARCH_PATHS = (
					"$(inherited)",
					"$(PROJECT_DIR)/TimeFlies/extension/weixin/SDKExport",
				);
				PRODUCT_BUNDLE_IDENTIFIER = loying.lin.TimeFlies.loying;
				PRODUCT_NAME = TimeFlies;
				PROVISIONING_PROFILE = "";
				SWIFT_OBJC_BRIDGING_HEADER = "TimeFlies/TimeFlies-Bridging-Header.h";
				SWIFT_OPTIMIZATION_LEVEL = "-Onone";
				SWIFT_VERSION = 3.0;
				TARGETED_DEVICE_FAMILY = "1,2";
			};
			name = Debug;
		};
		FD15A20B1BAAB1D70048B4D2 /* Release */ = {
			isa = XCBuildConfiguration;
			baseConfigurationReference = 2A7EF087E37BFC5C871140F4 /* Pods.release.xcconfig */;
			buildSettings = {
				ASSETCATALOG_COMPILER_APPICON_NAME = AppIcon;
				CLANG_ENABLE_MODULES = YES;
				CODE_SIGN_ENTITLEMENTS = "TimeFlies/supporting files/TimeFlies.entitlements";
				CODE_SIGN_IDENTITY = "iPhone Developer";
				"CODE_SIGN_IDENTITY[sdk=iphoneos*]" = "iPhone Developer";
				DEVELOPMENT_TEAM = A478ENRUX2;
				ENABLE_BITCODE = NO;
				INFOPLIST_FILE = "TimeFlies/supporting files/Info.plist";
				IPHONEOS_DEPLOYMENT_TARGET = 9.0;
				LD_RUNPATH_SEARCH_PATHS = "$(inherited) @executable_path/Frameworks";
				LIBRARY_SEARCH_PATHS = (
					"$(inherited)",
					"$(PROJECT_DIR)/TimeFlies/extension/weixin/SDKExport",
				);
				PRODUCT_BUNDLE_IDENTIFIER = loying.lin.TimeFlies.loying;
				PRODUCT_NAME = TimeFlies;
				PROVISIONING_PROFILE = "";
				SWIFT_OBJC_BRIDGING_HEADER = "TimeFlies/TimeFlies-Bridging-Header.h";
				SWIFT_VERSION = 3.0;
				TARGETED_DEVICE_FAMILY = "1,2";
			};
			name = Release;
		};
		FD15A20D1BAAB1D70048B4D2 /* Debug */ = {
			isa = XCBuildConfiguration;
			buildSettings = {
				BUNDLE_LOADER = "$(TEST_HOST)";
				"CODE_SIGN_IDENTITY[sdk=iphoneos*]" = "iPhone Developer";
				FRAMEWORK_SEARCH_PATHS = (
					"$(SDKROOT)/Developer/Library/Frameworks",
					"$(inherited)",
				);
				GCC_PREPROCESSOR_DEFINITIONS = (
					"DEBUG=1",
					"$(inherited)",
				);
				INFOPLIST_FILE = TimeFliesTests/Info.plist;
				LD_RUNPATH_SEARCH_PATHS = "$(inherited) @executable_path/Frameworks @loader_path/Frameworks";
				PRODUCT_BUNDLE_IDENTIFIER = "loying.lin.$(PRODUCT_NAME:rfc1034identifier)";
				PRODUCT_NAME = TimeFlies;
				TEST_HOST = "$(BUILT_PRODUCTS_DIR)/TimeFlies.app/TimeFlies";
			};
			name = Debug;
		};
		FD15A20E1BAAB1D70048B4D2 /* Release */ = {
			isa = XCBuildConfiguration;
			buildSettings = {
				BUNDLE_LOADER = "$(TEST_HOST)";
				"CODE_SIGN_IDENTITY[sdk=iphoneos*]" = "iPhone Developer";
				FRAMEWORK_SEARCH_PATHS = (
					"$(SDKROOT)/Developer/Library/Frameworks",
					"$(inherited)",
				);
				INFOPLIST_FILE = TimeFliesTests/Info.plist;
				LD_RUNPATH_SEARCH_PATHS = "$(inherited) @executable_path/Frameworks @loader_path/Frameworks";
				PRODUCT_BUNDLE_IDENTIFIER = "loying.lin.$(PRODUCT_NAME:rfc1034identifier)";
				PRODUCT_NAME = TimeFlies;
				TEST_HOST = "$(BUILT_PRODUCTS_DIR)/TimeFlies.app/TimeFlies";
			};
			name = Release;
		};
/* End XCBuildConfiguration section */

/* Begin XCConfigurationList section */
		FD15A1DE1BAAB1D70048B4D2 /* Build configuration list for PBXProject "TimeFlies" */ = {
			isa = XCConfigurationList;
			buildConfigurations = (
				FD15A2071BAAB1D70048B4D2 /* Debug */,
				FD15A2081BAAB1D70048B4D2 /* Release */,
			);
			defaultConfigurationIsVisible = 0;
			defaultConfigurationName = Release;
		};
		FD15A2091BAAB1D70048B4D2 /* Build configuration list for PBXNativeTarget "TimeFlies" */ = {
			isa = XCConfigurationList;
			buildConfigurations = (
				FD15A20A1BAAB1D70048B4D2 /* Debug */,
				FD15A20B1BAAB1D70048B4D2 /* Release */,
			);
			defaultConfigurationIsVisible = 0;
			defaultConfigurationName = Release;
		};
		FD15A20C1BAAB1D70048B4D2 /* Build configuration list for PBXNativeTarget "TimeFliesTests" */ = {
			isa = XCConfigurationList;
			buildConfigurations = (
				FD15A20D1BAAB1D70048B4D2 /* Debug */,
				FD15A20E1BAAB1D70048B4D2 /* Release */,
			);
			defaultConfigurationIsVisible = 0;
			defaultConfigurationName = Release;
		};
/* End XCConfigurationList section */
	};
	rootObject = FD15A1DB1BAAB1D70048B4D2 /* Project object */;
}
